// !$*UTF8*$!
{
	archiveVersion = 1;
	classes = {
	};
	objectVersion = 46;
	objects = {

/* Begin PBXBuildFile section */
		600E5DBD1D5096D5008FF799 /* TableViewController.swift in Sources */ = {isa = PBXBuildFile; fileRef = 600E5DBC1D5096D5008FF799 /* TableViewController.swift */; };
		600E5DBF1D50987C008FF799 /* TableViewCell.swift in Sources */ = {isa = PBXBuildFile; fileRef = 600E5DBE1D50987C008FF799 /* TableViewCell.swift */; };
		60DDB7AB1D5084A700323AE2 /* AppDelegate.swift in Sources */ = {isa = PBXBuildFile; fileRef = 60DDB7AA1D5084A700323AE2 /* AppDelegate.swift */; };
		60DDB7B01D5084A700323AE2 /* Main.storyboard in Resources */ = {isa = PBXBuildFile; fileRef = 60DDB7AE1D5084A700323AE2 /* Main.storyboard */; };
		60DDB7B21D5084A700323AE2 /* Assets.xcassets in Resources */ = {isa = PBXBuildFile; fileRef = 60DDB7B11D5084A700323AE2 /* Assets.xcassets */; };
		60DDB7B51D5084A700323AE2 /* LaunchScreen.storyboard in Resources */ = {isa = PBXBuildFile; fileRef = 60DDB7B31D5084A700323AE2 /* LaunchScreen.storyboard */; };
/* End PBXBuildFile section */

/* Begin PBXFileReference section */
		600E5DBC1D5096D5008FF799 /* TableViewController.swift */ = {isa = PBXFileReference; fileEncoding = 4; lastKnownFileType = sourcecode.swift; path = TableViewController.swift; sourceTree = "<group>"; };
		600E5DBE1D50987C008FF799 /* TableViewCell.swift */ = {isa = PBXFileReference; fileEncoding = 4; lastKnownFileType = sourcecode.swift; path = TableViewCell.swift; sourceTree = "<group>"; };
		60DDB7A71D5084A700323AE2 /* Sympli In Xcode.app */ = {isa = PBXFileReference; explicitFileType = wrapper.application; includeInIndex = 0; path = "Sympli In Xcode.app"; sourceTree = BUILT_PRODUCTS_DIR; };
		60DDB7AA1D5084A700323AE2 /* AppDelegate.swift */ = {isa = PBXFileReference; lastKnownFileType = sourcecode.swift; path = AppDelegate.swift; sourceTree = "<group>"; };
		60DDB7AF1D5084A700323AE2 /* Base */ = {isa = PBXFileReference; lastKnownFileType = file.storyboard; name = Base; path = Base.lproj/Main.storyboard; sourceTree = "<group>"; };
		60DDB7B11D5084A700323AE2 /* Assets.xcassets */ = {isa = PBXFileReference; lastKnownFileType = folder.assetcatalog; path = Assets.xcassets; sourceTree = "<group>"; };
		60DDB7B41D5084A700323AE2 /* Base */ = {isa = PBXFileReference; lastKnownFileType = file.storyboard; name = Base; path = Base.lproj/LaunchScreen.storyboard; sourceTree = "<group>"; };
		60DDB7B61D5084A700323AE2 /* Info.plist */ = {isa = PBXFileReference; lastKnownFileType = text.plist.xml; path = Info.plist; sourceTree = "<group>"; };
/* End PBXFileReference section */

/* Begin PBXFrameworksBuildPhase section */
		60DDB7A41D5084A700323AE2 /* Frameworks */ = {
			isa = PBXFrameworksBuildPhase;
			buildActionMask = 2147483647;
			files = (
			);
			runOnlyForDeploymentPostprocessing = 0;
		};
/* End PBXFrameworksBuildPhase section */

/* Begin PBXGroup section */
		60DDB79E1D5084A700323AE2 = {
			isa = PBXGroup;
			children = (
				60DDB7A91D5084A700323AE2 /* Sympli In Xcode */,
				60DDB7A81D5084A700323AE2 /* Products */,
			);
			sourceTree = "<group>";
		};
		60DDB7A81D5084A700323AE2 /* Products */ = {
			isa = PBXGroup;
			children = (
				60DDB7A71D5084A700323AE2 /* Sympli In Xcode.app */,
			);
			name = Products;
			sourceTree = "<group>";
		};
		60DDB7A91D5084A700323AE2 /* Sympli In Xcode */ = {
			isa = PBXGroup;
			children = (
				60DDB7AA1D5084A700323AE2 /* AppDelegate.swift */,
				600E5DBC1D5096D5008FF799 /* TableViewController.swift */,
				600E5DBE1D50987C008FF799 /* TableViewCell.swift */,
				60DDB7AE1D5084A700323AE2 /* Main.storyboard */,
				60DDB7B11D5084A700323AE2 /* Assets.xcassets */,
				60DDB7B31D5084A700323AE2 /* LaunchScreen.storyboard */,
				60DDB7B61D5084A700323AE2 /* Info.plist */,
			);
			path = "Sympli In Xcode";
			sourceTree = "<group>";
		};
/* End PBXGroup section */

/* Begin PBXNativeTarget section */
		60DDB7A61D5084A700323AE2 /* Sympli In Xcode */ = {
			isa = PBXNativeTarget;
			buildConfigurationList = 60DDB7B91D5084A700323AE2 /* Build configuration list for PBXNativeTarget "Sympli In Xcode" */;
			buildPhases = (
				60DDB7A31D5084A700323AE2 /* Sources */,
				60DDB7A41D5084A700323AE2 /* Frameworks */,
				60DDB7A51D5084A700323AE2 /* Resources */,
			);
			buildRules = (
			);
			dependencies = (
			);
			name = "Sympli In Xcode";
			productName = "Sympli In Xcode";
			productReference = 60DDB7A71D5084A700323AE2 /* Sympli In Xcode.app */;
			productType = "com.apple.product-type.application";
		};
/* End PBXNativeTarget section */

/* Begin PBXProject section */
		60DDB79F1D5084A700323AE2 /* Project object */ = {
			isa = PBXProject;
			attributes = {
				LastSwiftUpdateCheck = 0730;
				LastUpgradeCheck = 0730;
				ORGANIZATIONNAME = tutsplus;
				TargetAttributes = {
					60DDB7A61D5084A700323AE2 = {
						CreatedOnToolsVersion = 7.3.1;
					};
				};
			};
			buildConfigurationList = 60DDB7A21D5084A700323AE2 /* Build configuration list for PBXProject "Sympli In Xcode" */;
			compatibilityVersion = "Xcode 3.2";
			developmentRegion = English;
			hasScannedForEncodings = 0;
			knownRegions = (
				en,
				Base,
			);
			mainGroup = 60DDB79E1D5084A700323AE2;
			productRefGroup = 60DDB7A81D5084A700323AE2 /* Products */;
			projectDirPath = "";
			projectRoot = "";
			targets = (
				60DDB7A61D5084A700323AE2 /* Sympli In Xcode */,
			);
		};
/* End PBXProject section */

/* Begin PBXResourcesBuildPhase section */
		60DDB7A51D5084A700323AE2 /* Resources */ = {
			isa = PBXResourcesBuildPhase;
			buildActionMask = 2147483647;
			files = (
				60DDB7B51D5084A700323AE2 /* LaunchScreen.storyboard in Resources */,
				60DDB7B21D5084A700323AE2 /* Assets.xcassets in Resources */,
				60DDB7B01D5084A700323AE2 /* Main.storyboard in Resources */,
			);
			runOnlyForDeploymentPostprocessing = 0;
		};
/* End PBXResourcesBuildPhase section */

/* Begin PBXSourcesBuildPhase section */
		60DDB7A31D5084A700323AE2 /* Sources */ = {
			isa = PBXSourcesBuildPhase;
			buildActionMask = 2147483647;
			files = (
				600E5DBF1D50987C008FF799 /* TableViewCell.swift in Sources */,
				60DDB7AB1D5084A700323AE2 /* AppDelegate.swift in Sources */,
				600E5DBD1D5096D5008FF799 /* TableViewController.swift in Sources */,
			);
			runOnlyForDeploymentPostprocessing = 0;
		};
/* End PBXSourcesBuildPhase section */

/* Begin PBXVariantGroup section */
		60DDB7AE1D5084A700323AE2 /* Main.storyboard */ = {
			isa = PBXVariantGroup;
			children = (
				60DDB7AF1D5084A700323AE2 /* Base */,
			);
			name = Main.storyboard;
			sourceTree = "<group>";
		};
		60DDB7B31D5084A700323AE2 /* LaunchScreen.storyboard */ = {
			isa = PBXVariantGroup;
			children = (
				60DDB7B41D5084A700323AE2 /* Base */,
			);
			name = LaunchScreen.storyboard;
			sourceTree = "<group>";
		};
/* End PBXVariantGroup section */

/* Begin XCBuildConfiguration section */
		60DDB7B71D5084A700323AE2 /* Debug */ = {
			isa = XCBuildConfiguration;
			buildSettings = {
				ALWAYS_SEARCH_USER_PATHS = NO;
				CLANG_ANALYZER_NONNULL = YES;
				CLANG_CXX_LANGUAGE_STANDARD = "gnu++0x";
				CLANG_CXX_LIBRARY = "libc++";
				CLANG_ENABLE_MODULES = YES;
				CLANG_ENABLE_OBJC_ARC = YES;
				CLANG_WARN_BOOL_CONVERSION = YES;
				CLANG_WARN_CONSTANT_CONVERSION = YES;
				CLANG_WARN_DIRECT_OBJC_ISA_USAGE = YES_ERROR;
				CLANG_WARN_EMPTY_BODY = YES;
				CLANG_WARN_ENUM_CONVERSION = YES;
				CLANG_WARN_INT_CONVERSION = YES;
				CLANG_WARN_OBJC_ROOT_CLASS = YES_ERROR;
				CLANG_WARN_UNREACHABLE_CODE = YES;
				CLANG_WARN__DUPLICATE_METHOD_MATCH = YES;
				"CODE_SIGN_IDENTITY[sdk=iphoneos*]" = "iPhone Developer";
				COPY_PHASE_STRIP = NO;
				DEBUG_INFORMATION_FORMAT = dwarf;
				ENABLE_STRICT_OBJC_MSGSEND = YES;
				ENABLE_TESTABILITY = YES;
				GCC_C_LANGUAGE_STANDARD = gnu99;
				GCC_DYNAMIC_NO_PIC = NO;
				GCC_NO_COMMON_BLOCKS = YES;
				GCC_OPTIMIZATION_LEVEL = 0;
				GCC_PREPROCESSOR_DEFINITIONS = (
					"DEBUG=1",
					"$(inherited)",
				);
				GCC_WARN_64_TO_32_BIT_CONVERSION = YES;
				GCC_WARN_ABOUT_RETURN_TYPE = YES_ERROR;
				GCC_WARN_UNDECLARED_SELECTOR = YES;
				GCC_WARN_UNINITIALIZED_AUTOS = YES_AGGRESSIVE;
				GCC_WARN_UNUSED_FUNCTION = YES;
				GCC_WARN_UNUSED_VARIABLE = YES;
				IPHONEOS_DEPLOYMENT_TARGET = 9.3;
				MTL_ENABLE_DEBUG_INFO = YES;
				ONLY_ACTIVE_ARCH = YES;
				SDKROOT = iphoneos;
				SWIFT_OPTIMIZATION_LEVEL = "-Onone";
			};
			name = Debug;
		};
		60DDB7B81D5084A700323AE2 /* Release */ = {
			isa = XCBuildConfiguration;
			buildSettings = {
				ALWAYS_SEARCH_USER_PATHS = NO;
				CLANG_ANALYZER_NONNULL = YES;
				CLANG_CXX_LANGUAGE_STANDARD = "gnu++0x";
				CLANG_CXX_LIBRARY = "libc++";
				CLANG_ENABLE_MODULES = YES;
				CLANG_ENABLE_OBJC_ARC = YES;
				CLANG_WARN_BOOL_CONVERSION = YES;
				CLANG_WARN_CONSTANT_CONVERSION = YES;
				CLANG_WARN_DIRECT_OBJC_ISA_USAGE = YES_ERROR;
				CLANG_WARN_EMPTY_BODY = YES;
				CLANG_WARN_ENUM_CONVERSION = YES;
				CLANG_WARN_INT_CONVERSION = YES;
				CLANG_WARN_OBJC_ROOT_CLASS = YES_ERROR;
				CLANG_WARN_UNREACHABLE_CODE = YES;
				CLANG_WARN__DUPLICATE_METHOD_MATCH = YES;
				"CODE_SIGN_IDENTITY[sdk=iphoneos*]" = "iPhone Developer";
				COPY_PHASE_STRIP = NO;
				DEBUG_INFORMATION_FORMAT = "dwarf-with-dsym";
				ENABLE_NS_ASSERTIONS = NO;
				ENABLE_STRICT_OBJC_MSGSEND = YES;
				GCC_C_LANGUAGE_STANDARD = gnu99;
				GCC_NO_COMMON_BLOCKS = YES;
				GCC_WARN_64_TO_32_BIT_CONVERSION = YES;
				GCC_WARN_ABOUT_RETURN_TYPE = YES_ERROR;
				GCC_WARN_UNDECLARED_SELECTOR = YES;
				GCC_WARN_UNINITIALIZED_AUTOS = YES_AGGRESSIVE;
				GCC_WARN_UNUSED_FUNCTION = YES;
				GCC_WARN_UNUSED_VARIABLE = YES;
				IPHONEOS_DEPLOYMENT_TARGET = 9.3;
				MTL_ENABLE_DEBUG_INFO = NO;
				SDKROOT = iphoneos;
				VALIDATE_PRODUCT = YES;
			};
			name = Release;
		};
		60DDB7BA1D5084A700323AE2 /* Debug */ = {
			isa = XCBuildConfiguration;
			buildSettings = {
				ASSETCATALOG_COMPILER_APPICON_NAME = AppIcon;
				INFOPLIST_FILE = "Sympli In Xcode/Info.plist";
				LD_RUNPATH_SEARCH_PATHS = "$(inherited) @executable_path/Frameworks";
				PRODUCT_BUNDLE_IDENTIFIER = "com.tutsplus.Sympli-In-Xcode";
				PRODUCT_NAME = "$(TARGET_NAME)";
			};
			name = Debug;
		};
		60DDB7BB1D5084A700323AE2 /* Release */ = {
			isa = XCBuildConfiguration;
			buildSettings = {
				ASSETCATALOG_COMPILER_APPICON_NAME = AppIcon;
				INFOPLIST_FILE = "Sympli In Xcode/Info.plist";
				LD_RUNPATH_SEARCH_PATHS = "$(inherited) @executable_path/Frameworks";
				PRODUCT_BUNDLE_IDENTIFIER = "com.tutsplus.Sympli-In-Xcode";
				PRODUCT_NAME = "$(TARGET_NAME)";
			};
			name = Release;
		};
/* End XCBuildConfiguration section */

/* Begin XCConfigurationList section */
		60DDB7A21D5084A700323AE2 /* Build configuration list for PBXProject "Sympli In Xcode" */ = {
			isa = XCConfigurationList;
			buildConfigurations = (
				60DDB7B71D5084A700323AE2 /* Debug */,
				60DDB7B81D5084A700323AE2 /* Release */,
			);
			defaultConfigurationIsVisible = 0;
			defaultConfigurationName = Release;
		};
		60DDB7B91D5084A700323AE2 /* Build configuration list for PBXNativeTarget "Sympli In Xcode" */ = {
			isa = XCConfigurationList;
			buildConfigurations = (
				60DDB7BA1D5084A700323AE2 /* Debug */,
				60DDB7BB1D5084A700323AE2 /* Release */,
			);
			defaultConfigurationIsVisible = 0;
			defaultConfigurationName = Release;
		};
/* End XCConfigurationList section */
	};
	rootObject = 60DDB79F1D5084A700323AE2 /* Project object */;
}
